
Microsoft Visual Studio Solution File, Format Version 12.00
# Visual Studio Version 17
VisualStudioVersion = 17.13.35806.99 d17.13
MinimumVisualStudioVersion = 10.0.40219.1
Project("{FAE04EC0-301F-11D3-BF4B-00C04F79EFBC}") = "Oef5_5", "Oef5_5.csproj", "{344D59E8-A8BE-4AEE-A032-E180F9CDC710}"
EndProject
Global
	GlobalSection(SolutionConfigurationPlatforms) = preSolution
		Debug|Any CPU = Debug|Any CPU
		Release|Any CPU = Release|Any CPU
	EndGlobalSection
	GlobalSection(ProjectConfigurationPlatforms) = postSolution
		{344D59E8-A8BE-4AEE-A032-E180F9CDC710}.Debug|Any CPU.ActiveCfg = Debug|Any CPU
		{344D59E8-A8BE-4AEE-A032-E180F9CDC710}.Debug|Any CPU.Build.0 = Debug|Any CPU
		{344D59E8-A8BE-4AEE-A032-E180F9CDC710}.Release|Any CPU.ActiveCfg = Release|Any CPU
		{344D59E8-A8BE-4AEE-A032-E180F9CDC710}.Release|Any CPU.Build.0 = Release|Any CPU
	EndGlobalSection
	GlobalSection(SolutionProperties) = preSolution
		HideSolutionNode = FALSE
	EndGlobalSection
	GlobalSection(ExtensibilityGlobals) = postSolution
		SolutionGuid = {57AF1DA4-F4D6-4D50-B877-8BFC68E31FC3}
	EndGlobalSection
EndGlobal
