
Microsoft Visual Studio Solution File, Format Version 12.00
# Visual Studio Version 17
VisualStudioVersion = 17.14.36109.1 d17.14
MinimumVisualStudioVersion = 10.0.40219.1
Project("{FAE04EC0-301F-11D3-BF4B-00C04F79EFBC}") = "DominationGame", "DominationGame.csproj", "{267A1C8F-A3F7-4E5B-917A-2D52CED9F087}"
EndProject
Global
	GlobalSection(SolutionConfigurationPlatforms) = preSolution
		Debug|Any CPU = Debug|Any CPU
		Release|Any CPU = Release|Any CPU
	EndGlobalSection
	GlobalSection(ProjectConfigurationPlatforms) = postSolution
		{267A1C8F-A3F7-4E5B-917A-2D52CED9F087}.Debug|Any CPU.ActiveCfg = Debug|Any CPU
		{267A1C8F-A3F7-4E5B-917A-2D52CED9F087}.Debug|Any CPU.Build.0 = Debug|Any CPU
		{267A1C8F-A3F7-4E5B-917A-2D52CED9F087}.Release|Any CPU.ActiveCfg = Release|Any CPU
		{267A1C8F-A3F7-4E5B-917A-2D52CED9F087}.Release|Any CPU.Build.0 = Release|Any CPU
	EndGlobalSection
	GlobalSection(SolutionProperties) = preSolution
		HideSolutionNode = FALSE
	EndGlobalSection
	GlobalSection(ExtensibilityGlobals) = postSolution
		SolutionGuid = {28E0000D-2780-4FC1-AE33-3FF212B940C6}
	EndGlobalSection
EndGlobal
